
Microsoft Visual Studio Solution File, Format Version 12.00
# Visual Studio 15
VisualStudioVersion = 15.0.26124.0
MinimumVisualStudioVersion = 15.0.26124.0
Project("{FAE04EC0-301F-11D3-BF4B-00C04F79EFBC}") = "Domain", "Domain\Domain.csproj", "{62C41226-B0EA-4E68-8062-44B9F08E3ACD}"
EndProject
Project("{FAE04EC0-301F-11D3-BF4B-00C04F79EFBC}") = "Application", "Application\Application.csproj", "{7CD9B134-1F08-4B43-8709-A9F46131FE0F}"
EndProject
Project("{FAE04EC0-301F-11D3-BF4B-00C04F79EFBC}") = "Persistence", "Persistence\Persistence.csproj", "{1687945F-F5A8-41AA-94F7-5A4944CCA890}"
EndProject
Project("{FAE04EC0-301F-11D3-BF4B-00C04F79EFBC}") = "API", "API\API.csproj", "{98861A04-4773-45EE-8E1F-58CADE037BDA}"
EndProject
Global
	GlobalSection(SolutionConfigurationPlatforms) = preSolution
		Debug|Any CPU = Debug|Any CPU
		Debug|x64 = Debug|x64
		Debug|x86 = Debug|x86
		Release|Any CPU = Release|Any CPU
		Release|x64 = Release|x64
		Release|x86 = Release|x86
	EndGlobalSection
	GlobalSection(SolutionProperties) = preSolution
		HideSolutionNode = FALSE
	EndGlobalSection
	GlobalSection(ProjectConfigurationPlatforms) = postSolution
		{62C41226-B0EA-4E68-8062-44B9F08E3ACD}.Debug|Any CPU.ActiveCfg = Debug|Any CPU
		{62C41226-B0EA-4E68-8062-44B9F08E3ACD}.Debug|Any CPU.Build.0 = Debug|Any CPU
		{62C41226-B0EA-4E68-8062-44B9F08E3ACD}.Debug|x64.ActiveCfg = Debug|Any CPU
		{62C41226-B0EA-4E68-8062-44B9F08E3ACD}.Debug|x64.Build.0 = Debug|Any CPU
		{62C41226-B0EA-4E68-8062-44B9F08E3ACD}.Debug|x86.ActiveCfg = Debug|Any CPU
		{62C41226-B0EA-4E68-8062-44B9F08E3ACD}.Debug|x86.Build.0 = Debug|Any CPU
		{62C41226-B0EA-4E68-8062-44B9F08E3ACD}.Release|Any CPU.ActiveCfg = Release|Any CPU
		{62C41226-B0EA-4E68-8062-44B9F08E3ACD}.Release|Any CPU.Build.0 = Release|Any CPU
		{62C41226-B0EA-4E68-8062-44B9F08E3ACD}.Release|x64.ActiveCfg = Release|Any CPU
		{62C41226-B0EA-4E68-8062-44B9F08E3ACD}.Release|x64.Build.0 = Release|Any CPU
		{62C41226-B0EA-4E68-8062-44B9F08E3ACD}.Release|x86.ActiveCfg = Release|Any CPU
		{62C41226-B0EA-4E68-8062-44B9F08E3ACD}.Release|x86.Build.0 = Release|Any CPU
		{7CD9B134-1F08-4B43-8709-A9F46131FE0F}.Debug|Any CPU.ActiveCfg = Debug|Any CPU
		{7CD9B134-1F08-4B43-8709-A9F46131FE0F}.Debug|Any CPU.Build.0 = Debug|Any CPU
		{7CD9B134-1F08-4B43-8709-A9F46131FE0F}.Debug|x64.ActiveCfg = Debug|Any CPU
		{7CD9B134-1F08-4B43-8709-A9F46131FE0F}.Debug|x64.Build.0 = Debug|Any CPU
		{7CD9B134-1F08-4B43-8709-A9F46131FE0F}.Debug|x86.ActiveCfg = Debug|Any CPU
		{7CD9B134-1F08-4B43-8709-A9F46131FE0F}.Debug|x86.Build.0 = Debug|Any CPU
		{7CD9B134-1F08-4B43-8709-A9F46131FE0F}.Release|Any CPU.ActiveCfg = Release|Any CPU
		{7CD9B134-1F08-4B43-8709-A9F46131FE0F}.Release|Any CPU.Build.0 = Release|Any CPU
		{7CD9B134-1F08-4B43-8709-A9F46131FE0F}.Release|x64.ActiveCfg = Release|Any CPU
		{7CD9B134-1F08-4B43-8709-A9F46131FE0F}.Release|x64.Build.0 = Release|Any CPU
		{7CD9B134-1F08-4B43-8709-A9F46131FE0F}.Release|x86.ActiveCfg = Release|Any CPU
		{7CD9B134-1F08-4B43-8709-A9F46131FE0F}.Release|x86.Build.0 = Release|Any CPU
		{1687945F-F5A8-41AA-94F7-5A4944CCA890}.Debug|Any CPU.ActiveCfg = Debug|Any CPU
		{1687945F-F5A8-41AA-94F7-5A4944CCA890}.Debug|Any CPU.Build.0 = Debug|Any CPU
		{1687945F-F5A8-41AA-94F7-5A4944CCA890}.Debug|x64.ActiveCfg = Debug|Any CPU
		{1687945F-F5A8-41AA-94F7-5A4944CCA890}.Debug|x64.Build.0 = Debug|Any CPU
		{1687945F-F5A8-41AA-94F7-5A4944CCA890}.Debug|x86.ActiveCfg = Debug|Any CPU
		{1687945F-F5A8-41AA-94F7-5A4944CCA890}.Debug|x86.Build.0 = Debug|Any CPU
		{1687945F-F5A8-41AA-94F7-5A4944CCA890}.Release|Any CPU.ActiveCfg = Release|Any CPU
		{1687945F-F5A8-41AA-94F7-5A4944CCA890}.Release|Any CPU.Build.0 = Release|Any CPU
		{1687945F-F5A8-41AA-94F7-5A4944CCA890}.Release|x64.ActiveCfg = Release|Any CPU
		{1687945F-F5A8-41AA-94F7-5A4944CCA890}.Release|x64.Build.0 = Release|Any CPU
		{1687945F-F5A8-41AA-94F7-5A4944CCA890}.Release|x86.ActiveCfg = Release|Any CPU
		{1687945F-F5A8-41AA-94F7-5A4944CCA890}.Release|x86.Build.0 = Release|Any CPU
		{98861A04-4773-45EE-8E1F-58CADE037BDA}.Debug|Any CPU.ActiveCfg = Debug|Any CPU
		{98861A04-4773-45EE-8E1F-58CADE037BDA}.Debug|Any CPU.Build.0 = Debug|Any CPU
		{98861A04-4773-45EE-8E1F-58CADE037BDA}.Debug|x64.ActiveCfg = Debug|Any CPU
		{98861A04-4773-45EE-8E1F-58CADE037BDA}.Debug|x64.Build.0 = Debug|Any CPU
		{98861A04-4773-45EE-8E1F-58CADE037BDA}.Debug|x86.ActiveCfg = Debug|Any CPU
		{98861A04-4773-45EE-8E1F-58CADE037BDA}.Debug|x86.Build.0 = Debug|Any CPU
		{98861A04-4773-45EE-8E1F-58CADE037BDA}.Release|Any CPU.ActiveCfg = Release|Any CPU
		{98861A04-4773-45EE-8E1F-58CADE037BDA}.Release|Any CPU.Build.0 = Release|Any CPU
		{98861A04-4773-45EE-8E1F-58CADE037BDA}.Release|x64.ActiveCfg = Release|Any CPU
		{98861A04-4773-45EE-8E1F-58CADE037BDA}.Release|x64.Build.0 = Release|Any CPU
		{98861A04-4773-45EE-8E1F-58CADE037BDA}.Release|x86.ActiveCfg = Release|Any CPU
		{98861A04-4773-45EE-8E1F-58CADE037BDA}.Release|x86.Build.0 = Release|Any CPU
	EndGlobalSection
EndGlobal
